
Microsoft Visual Studio Solution File, Format Version 12.00
# Visual Studio Version 16
VisualStudioVersion = 16.0.29613.14
MinimumVisualStudioVersion = 10.0.40219.1
Project("{9A19103F-16F7-4668-BE54-9A1E7A4F7556}") = "StatueCrafting", "StatueCrafting.csproj", "{AECEE270-DC8D-4BFA-A93B-45E589B003ED}"
EndProject
Global
	GlobalSection(SolutionConfigurationPlatforms) = preSolution
		Debug|Any CPU = Debug|Any CPU
		Release|Any CPU = Release|Any CPU
	EndGlobalSection
	GlobalSection(ProjectConfigurationPlatforms) = postSolution
		{AECEE270-DC8D-4BFA-A93B-45E589B003ED}.Debug|Any CPU.ActiveCfg = Debug|Any CPU
		{AECEE270-DC8D-4BFA-A93B-45E589B003ED}.Debug|Any CPU.Build.0 = Debug|Any CPU
		{AECEE270-DC8D-4BFA-A93B-45E589B003ED}.Release|Any CPU.ActiveCfg = Release|Any CPU
		{AECEE270-DC8D-4BFA-A93B-45E589B003ED}.Release|Any CPU.Build.0 = Release|Any CPU
	EndGlobalSection
	GlobalSection(SolutionProperties) = preSolution
		HideSolutionNode = FALSE
	EndGlobalSection
	GlobalSection(ExtensibilityGlobals) = postSolution
		SolutionGuid = {58ADB11B-320A-45F5-81FA-A354C666EF2D}
	EndGlobalSection
EndGlobal
